// !$*UTF8*$!
{
	archiveVersion = 1;
	classes = {
	};
	objectVersion = 55;
	objects = {

/* Begin PBXBuildFile section */
		1B4C154139E32DA5B045F8B9 /* Pods_Diverse_Social_Media_Diverse_Social_MediaUITests.framework in Frameworks */ = {isa = PBXBuildFile; fileRef = 1BD34C901B705C9752BF5179 /* Pods_Diverse_Social_Media_Diverse_Social_MediaUITests.framework */; };
		5C09CD4928C7CCC200CB457E /* UserTypeConfig.swift in Sources */ = {isa = PBXBuildFile; fileRef = 5C09CD4828C7CCC200CB457E /* UserTypeConfig.swift */; };
		5C12B37728C77ABE001B1F26 /* UserTypeCollectionViewCell.swift in Sources */ = {isa = PBXBuildFile; fileRef = 5C12B37528C77ABE001B1F26 /* UserTypeCollectionViewCell.swift */; };
		5C12B37828C77ABE001B1F26 /* UserTypeCollectionViewCell.xib in Resources */ = {isa = PBXBuildFile; fileRef = 5C12B37628C77ABE001B1F26 /* UserTypeCollectionViewCell.xib */; };
		5C12B37A28C77DF3001B1F26 /* UICollectionViewExtension.swift in Sources */ = {isa = PBXBuildFile; fileRef = 5C12B37928C77DF3001B1F26 /* UICollectionViewExtension.swift */; };
		5C12B37E28C786CB001B1F26 /* ArrayExtension.swift in Sources */ = {isa = PBXBuildFile; fileRef = 5C12B37D28C786CB001B1F26 /* ArrayExtension.swift */; };
		5C2E00C028C259970016B1E3 /* UIViewExtension.swift in Sources */ = {isa = PBXBuildFile; fileRef = 5C2E00BF28C259970016B1E3 /* UIViewExtension.swift */; };
		5C2E00C228C2664C0016B1E3 /* NSObjectExtension.swift in Sources */ = {isa = PBXBuildFile; fileRef = 5C2E00C128C2664C0016B1E3 /* NSObjectExtension.swift */; };
		5C2E00C528C274EF0016B1E3 /* DebugManager.swift in Sources */ = {isa = PBXBuildFile; fileRef = 5C2E00C428C274EF0016B1E3 /* DebugManager.swift */; };
		5C2E00C828C277A80016B1E3 /* LoginPresenter.swift in Sources */ = {isa = PBXBuildFile; fileRef = 5C2E00C728C277A80016B1E3 /* LoginPresenter.swift */; };
		5C2E00CA28C277C00016B1E3 /* LoginRouter.swift in Sources */ = {isa = PBXBuildFile; fileRef = 5C2E00C928C277C00016B1E3 /* LoginRouter.swift */; };
		5C2E00CC28C277F30016B1E3 /* LoginViewController.swift in Sources */ = {isa = PBXBuildFile; fileRef = 5C2E00CB28C277F30016B1E3 /* LoginViewController.swift */; };
		5C2E00CE28C2784D0016B1E3 /* LoginInteractor.swift in Sources */ = {isa = PBXBuildFile; fileRef = 5C2E00CD28C2784D0016B1E3 /* LoginInteractor.swift */; };
		5C2E00D028C27A290016B1E3 /* UIStoryboardExtension.swift in Sources */ = {isa = PBXBuildFile; fileRef = 5C2E00CF28C27A290016B1E3 /* UIStoryboardExtension.swift */; };
		5C2E00D328C285A90016B1E3 /* SplashRouter.swift in Sources */ = {isa = PBXBuildFile; fileRef = 5C2E00D228C285A90016B1E3 /* SplashRouter.swift */; };
		5C2E00D528C285B10016B1E3 /* SplashPresenter.swift in Sources */ = {isa = PBXBuildFile; fileRef = 5C2E00D428C285B10016B1E3 /* SplashPresenter.swift */; };
		5C2E00D728C285E80016B1E3 /* SplashInteractor.swift in Sources */ = {isa = PBXBuildFile; fileRef = 5C2E00D628C285E80016B1E3 /* SplashInteractor.swift */; };
		5C2E00D928C2862B0016B1E3 /* SplashViewController.swift in Sources */ = {isa = PBXBuildFile; fileRef = 5C2E00D828C2862B0016B1E3 /* SplashViewController.swift */; };
		5C6515C928C4B30E006993E6 /* LoginContractor.swift in Sources */ = {isa = PBXBuildFile; fileRef = 5C6515C828C4B30E006993E6 /* LoginContractor.swift */; };
		5C6515CC28C4BA36006993E6 /* ApplicationConstants.swift in Sources */ = {isa = PBXBuildFile; fileRef = 5C6515CB28C4BA36006993E6 /* ApplicationConstants.swift */; };
		5C6515CE28C4BED0006993E6 /* Login.storyboard in Resources */ = {isa = PBXBuildFile; fileRef = 5C6515CD28C4BED0006993E6 /* Login.storyboard */; };
		5C6515D128C4CA00006993E6 /* Splash.storyboard in Resources */ = {isa = PBXBuildFile; fileRef = 5C6515D028C4CA00006993E6 /* Splash.storyboard */; };
		5C6515D328C4CC47006993E6 /* SplashContractor.swift in Sources */ = {isa = PBXBuildFile; fileRef = 5C6515D228C4CC47006993E6 /* SplashContractor.swift */; };
		5C6515D828C4CD1C006993E6 /* Interactorable.swift in Sources */ = {isa = PBXBuildFile; fileRef = 5C6515D728C4CD1C006993E6 /* Interactorable.swift */; };
		5C6515DA28C4CD75006993E6 /* Presenterable.swift in Sources */ = {isa = PBXBuildFile; fileRef = 5C6515D928C4CD75006993E6 /* Presenterable.swift */; };
		5C6515DC28C4CDBD006993E6 /* Routerable.swift in Sources */ = {isa = PBXBuildFile; fileRef = 5C6515DB28C4CDBD006993E6 /* Routerable.swift */; };
		5C6515DE28C4CDF4006993E6 /* Viewable.swift in Sources */ = {isa = PBXBuildFile; fileRef = 5C6515DD28C4CDF4006993E6 /* Viewable.swift */; };
		5C6515E028C4D0D3006993E6 /* SplashEntities.swift in Sources */ = {isa = PBXBuildFile; fileRef = 5C6515DF28C4D0D3006993E6 /* SplashEntities.swift */; };
		5C6515E928C4D7F5006993E6 /* Models.swift in Sources */ = {isa = PBXBuildFile; fileRef = 5C6515E828C4D7F5006993E6 /* Models.swift */; };
		5C6515ED28C4DA88006993E6 /* NetworkManager.swift in Sources */ = {isa = PBXBuildFile; fileRef = 5C6515EC28C4DA88006993E6 /* NetworkManager.swift */; };
		5C6515EF28C4DADE006993E6 /* Networkable.swift in Sources */ = {isa = PBXBuildFile; fileRef = 5C6515EE28C4DADE006993E6 /* Networkable.swift */; };
		5C6515F128C4EDDE006993E6 /* StringExtension.swift in Sources */ = {isa = PBXBuildFile; fileRef = 5C6515F028C4EDDE006993E6 /* StringExtension.swift */; };
		5C6515F828C50177006993E6 /* LoginEntities.swift in Sources */ = {isa = PBXBuildFile; fileRef = 5C6515F728C50177006993E6 /* LoginEntities.swift */; };
		5CA0761E28C5323E00818F83 /* Main.storyboard in Resources */ = {isa = PBXBuildFile; fileRef = 5CA0761D28C5323E00818F83 /* Main.storyboard */; };
		5CC55937288C13580060EF7D /* AppDelegate.swift in Sources */ = {isa = PBXBuildFile; fileRef = 5CC55936288C13580060EF7D /* AppDelegate.swift */; };
		5CC55941288C13580060EF7D /* Diverse_Social_Media.xcdatamodeld in Sources */ = {isa = PBXBuildFile; fileRef = 5CC5593F288C13580060EF7D /* Diverse_Social_Media.xcdatamodeld */; };
		5CC55943288C13590060EF7D /* Assets.xcassets in Resources */ = {isa = PBXBuildFile; fileRef = 5CC55942288C13590060EF7D /* Assets.xcassets */; };
		5CC55946288C13590060EF7D /* LaunchScreen.storyboard in Resources */ = {isa = PBXBuildFile; fileRef = 5CC55944288C13590060EF7D /* LaunchScreen.storyboard */; };
		5CC55951288C13590060EF7D /* Diverse_Social_MediaTests.swift in Sources */ = {isa = PBXBuildFile; fileRef = 5CC55950288C13590060EF7D /* Diverse_Social_MediaTests.swift */; };
		5CC5595B288C13590060EF7D /* Diverse_Social_MediaUITests.swift in Sources */ = {isa = PBXBuildFile; fileRef = 5CC5595A288C13590060EF7D /* Diverse_Social_MediaUITests.swift */; };
		5CC5595D288C13590060EF7D /* Diverse_Social_MediaUITestsLaunchTests.swift in Sources */ = {isa = PBXBuildFile; fileRef = 5CC5595C288C13590060EF7D /* Diverse_Social_MediaUITestsLaunchTests.swift */; };
		5CDF7D0E28C7404F0000B64C /* RegisterUserTypeRouter.swift in Sources */ = {isa = PBXBuildFile; fileRef = 5CDF7D0D28C7404F0000B64C /* RegisterUserTypeRouter.swift */; };
		5CDF7D1028C740640000B64C /* RegisterUserTypeEntities.swift in Sources */ = {isa = PBXBuildFile; fileRef = 5CDF7D0F28C740640000B64C /* RegisterUserTypeEntities.swift */; };
		5CDF7D1228C740780000B64C /* RegisterUserTypePresenter.swift in Sources */ = {isa = PBXBuildFile; fileRef = 5CDF7D1128C740780000B64C /* RegisterUserTypePresenter.swift */; };
		5CDF7D1428C740850000B64C /* RegisterUserTypeInteractor.swift in Sources */ = {isa = PBXBuildFile; fileRef = 5CDF7D1328C740850000B64C /* RegisterUserTypeInteractor.swift */; };
		5CDF7D1628C740980000B64C /* RegisterUserTypeViewController.swift in Sources */ = {isa = PBXBuildFile; fileRef = 5CDF7D1528C740980000B64C /* RegisterUserTypeViewController.swift */; };
		5CDF7D1828C740A30000B64C /* RegisterUserType.storyboard in Resources */ = {isa = PBXBuildFile; fileRef = 5CDF7D1728C740A30000B64C /* RegisterUserType.storyboard */; };
		5CDF7D1A28C742600000B64C /* RegisterUserTypeContractor.swift in Sources */ = {isa = PBXBuildFile; fileRef = 5CDF7D1928C742600000B64C /* RegisterUserTypeContractor.swift */; };
		5CE7DF9028BBA3C700699EFE /* UIViewControllerExtension.swift in Sources */ = {isa = PBXBuildFile; fileRef = 5CE7DF8F28BBA3C700699EFE /* UIViewControllerExtension.swift */; };
		5CE7DF9628BBA77E00699EFE /* BaseViewController.swift in Sources */ = {isa = PBXBuildFile; fileRef = 5CE7DF9528BBA77E00699EFE /* BaseViewController.swift */; };
		5CE7DF9828BBB5BC00699EFE /* NavigationBar.swift in Sources */ = {isa = PBXBuildFile; fileRef = 5CE7DF9728BBB5BC00699EFE /* NavigationBar.swift */; };
		5CE7DF9A28BBBF4B00699EFE /* NavigationBar.xib in Resources */ = {isa = PBXBuildFile; fileRef = 5CE7DF9928BBBF4B00699EFE /* NavigationBar.xib */; };
		5CFF5A9028B24E8200F529C0 /* ThemeManager.swift in Sources */ = {isa = PBXBuildFile; fileRef = 5CFF5A8F28B24E8200F529C0 /* ThemeManager.swift */; };
		5CFF5A9228B2517500F529C0 /* Colours.swift in Sources */ = {isa = PBXBuildFile; fileRef = 5CFF5A9128B2517500F529C0 /* Colours.swift */; };
		5CFF5A9428B2520700F529C0 /* Fonts in Resources */ = {isa = PBXBuildFile; fileRef = 5CFF5A9328B2520700F529C0 /* Fonts */; };
		5CFF5A9628B2521400F529C0 /* Fonts.swift in Sources */ = {isa = PBXBuildFile; fileRef = 5CFF5A9528B2521400F529C0 /* Fonts.swift */; };
		5CFF5A9D28B2722D00F529C0 /* UserManager.swift in Sources */ = {isa = PBXBuildFile; fileRef = 5CFF5A9C28B2722D00F529C0 /* UserManager.swift */; };
		5CFF5AA228B2742800F529C0 /* CGFloatExtension.swift in Sources */ = {isa = PBXBuildFile; fileRef = 5CFF5AA128B2742800F529C0 /* CGFloatExtension.swift */; };
		5CFF5AA428B2747600F529C0 /* UITableViewExtension.swift in Sources */ = {isa = PBXBuildFile; fileRef = 5CFF5AA328B2747600F529C0 /* UITableViewExtension.swift */; };
		B52D319AFEA4F8FC69E9F0B8 /* Pods_Diverse_Social_Media.framework in Frameworks */ = {isa = PBXBuildFile; fileRef = 44B954CE80CE9BB23948A5C8 /* Pods_Diverse_Social_Media.framework */; };
		D29F3C91E2D96ED10344104D /* Pods_Diverse_Social_MediaTests.framework in Frameworks */ = {isa = PBXBuildFile; fileRef = DDA2465E390756689BF542D9 /* Pods_Diverse_Social_MediaTests.framework */; };
/* End PBXBuildFile section */

/* Begin PBXContainerItemProxy section */
		5CC5594D288C13590060EF7D /* PBXContainerItemProxy */ = {
			isa = PBXContainerItemProxy;
			containerPortal = 5CC5592B288C13570060EF7D /* Project object */;
			proxyType = 1;
			remoteGlobalIDString = 5CC55932288C13580060EF7D;
			remoteInfo = "Diverse-Social-Media";
		};
		5CC55957288C13590060EF7D /* PBXContainerItemProxy */ = {
			isa = PBXContainerItemProxy;
			containerPortal = 5CC5592B288C13570060EF7D /* Project object */;
			proxyType = 1;
			remoteGlobalIDString = 5CC55932288C13580060EF7D;
			remoteInfo = "Diverse-Social-Media";
		};
/* End PBXContainerItemProxy section */

/* Begin PBXFileReference section */
		1BD34C901B705C9752BF5179 /* Pods_Diverse_Social_Media_Diverse_Social_MediaUITests.framework */ = {isa = PBXFileReference; explicitFileType = wrapper.framework; includeInIndex = 0; path = Pods_Diverse_Social_Media_Diverse_Social_MediaUITests.framework; sourceTree = BUILT_PRODUCTS_DIR; };
		1C326AD3718EB4131E493E2B /* Pods-Diverse-Social-Media-Diverse-Social-MediaUITests.debug.xcconfig */ = {isa = PBXFileReference; includeInIndex = 1; lastKnownFileType = text.xcconfig; name = "Pods-Diverse-Social-Media-Diverse-Social-MediaUITests.debug.xcconfig"; path = "Target Support Files/Pods-Diverse-Social-Media-Diverse-Social-MediaUITests/Pods-Diverse-Social-Media-Diverse-Social-MediaUITests.debug.xcconfig"; sourceTree = "<group>"; };
		44B954CE80CE9BB23948A5C8 /* Pods_Diverse_Social_Media.framework */ = {isa = PBXFileReference; explicitFileType = wrapper.framework; includeInIndex = 0; path = Pods_Diverse_Social_Media.framework; sourceTree = BUILT_PRODUCTS_DIR; };
		5C09CD4828C7CCC200CB457E /* UserTypeConfig.swift */ = {isa = PBXFileReference; lastKnownFileType = sourcecode.swift; path = UserTypeConfig.swift; sourceTree = "<group>"; };
		5C12B37528C77ABE001B1F26 /* UserTypeCollectionViewCell.swift */ = {isa = PBXFileReference; lastKnownFileType = sourcecode.swift; path = UserTypeCollectionViewCell.swift; sourceTree = "<group>"; };
		5C12B37628C77ABE001B1F26 /* UserTypeCollectionViewCell.xib */ = {isa = PBXFileReference; lastKnownFileType = file.xib; path = UserTypeCollectionViewCell.xib; sourceTree = "<group>"; };
		5C12B37928C77DF3001B1F26 /* UICollectionViewExtension.swift */ = {isa = PBXFileReference; lastKnownFileType = sourcecode.swift; path = UICollectionViewExtension.swift; sourceTree = "<group>"; };
		5C12B37D28C786CB001B1F26 /* ArrayExtension.swift */ = {isa = PBXFileReference; lastKnownFileType = sourcecode.swift; path = ArrayExtension.swift; sourceTree = "<group>"; };
		5C2E00BF28C259970016B1E3 /* UIViewExtension.swift */ = {isa = PBXFileReference; lastKnownFileType = sourcecode.swift; path = UIViewExtension.swift; sourceTree = "<group>"; };
		5C2E00C128C2664C0016B1E3 /* NSObjectExtension.swift */ = {isa = PBXFileReference; lastKnownFileType = sourcecode.swift; path = NSObjectExtension.swift; sourceTree = "<group>"; };
		5C2E00C428C274EF0016B1E3 /* DebugManager.swift */ = {isa = PBXFileReference; lastKnownFileType = sourcecode.swift; path = DebugManager.swift; sourceTree = "<group>"; };
		5C2E00C728C277A80016B1E3 /* LoginPresenter.swift */ = {isa = PBXFileReference; lastKnownFileType = sourcecode.swift; path = LoginPresenter.swift; sourceTree = "<group>"; };
		5C2E00C928C277C00016B1E3 /* LoginRouter.swift */ = {isa = PBXFileReference; lastKnownFileType = sourcecode.swift; path = LoginRouter.swift; sourceTree = "<group>"; };
		5C2E00CB28C277F30016B1E3 /* LoginViewController.swift */ = {isa = PBXFileReference; lastKnownFileType = sourcecode.swift; path = LoginViewController.swift; sourceTree = "<group>"; };
		5C2E00CD28C2784D0016B1E3 /* LoginInteractor.swift */ = {isa = PBXFileReference; lastKnownFileType = sourcecode.swift; path = LoginInteractor.swift; sourceTree = "<group>"; };
		5C2E00CF28C27A290016B1E3 /* UIStoryboardExtension.swift */ = {isa = PBXFileReference; lastKnownFileType = sourcecode.swift; path = UIStoryboardExtension.swift; sourceTree = "<group>"; };
		5C2E00D228C285A90016B1E3 /* SplashRouter.swift */ = {isa = PBXFileReference; lastKnownFileType = sourcecode.swift; path = SplashRouter.swift; sourceTree = "<group>"; };
		5C2E00D428C285B10016B1E3 /* SplashPresenter.swift */ = {isa = PBXFileReference; lastKnownFileType = sourcecode.swift; path = SplashPresenter.swift; sourceTree = "<group>"; };
		5C2E00D628C285E80016B1E3 /* SplashInteractor.swift */ = {isa = PBXFileReference; lastKnownFileType = sourcecode.swift; path = SplashInteractor.swift; sourceTree = "<group>"; };
		5C2E00D828C2862B0016B1E3 /* SplashViewController.swift */ = {isa = PBXFileReference; lastKnownFileType = sourcecode.swift; path = SplashViewController.swift; sourceTree = "<group>"; };
		5C6515C828C4B30E006993E6 /* LoginContractor.swift */ = {isa = PBXFileReference; lastKnownFileType = sourcecode.swift; path = LoginContractor.swift; sourceTree = "<group>"; };
		5C6515CB28C4BA36006993E6 /* ApplicationConstants.swift */ = {isa = PBXFileReference; lastKnownFileType = sourcecode.swift; path = ApplicationConstants.swift; sourceTree = "<group>"; };
		5C6515CD28C4BED0006993E6 /* Login.storyboard */ = {isa = PBXFileReference; lastKnownFileType = file.storyboard; path = Login.storyboard; sourceTree = "<group>"; };
		5C6515D028C4CA00006993E6 /* Splash.storyboard */ = {isa = PBXFileReference; lastKnownFileType = file.storyboard; path = Splash.storyboard; sourceTree = "<group>"; };
		5C6515D228C4CC47006993E6 /* SplashContractor.swift */ = {isa = PBXFileReference; lastKnownFileType = sourcecode.swift; path = SplashContractor.swift; sourceTree = "<group>"; };
		5C6515D728C4CD1C006993E6 /* Interactorable.swift */ = {isa = PBXFileReference; lastKnownFileType = sourcecode.swift; path = Interactorable.swift; sourceTree = "<group>"; };
		5C6515D928C4CD75006993E6 /* Presenterable.swift */ = {isa = PBXFileReference; lastKnownFileType = sourcecode.swift; path = Presenterable.swift; sourceTree = "<group>"; };
		5C6515DB28C4CDBD006993E6 /* Routerable.swift */ = {isa = PBXFileReference; lastKnownFileType = sourcecode.swift; path = Routerable.swift; sourceTree = "<group>"; };
		5C6515DD28C4CDF4006993E6 /* Viewable.swift */ = {isa = PBXFileReference; lastKnownFileType = sourcecode.swift; path = Viewable.swift; sourceTree = "<group>"; };
		5C6515DF28C4D0D3006993E6 /* SplashEntities.swift */ = {isa = PBXFileReference; lastKnownFileType = sourcecode.swift; path = SplashEntities.swift; sourceTree = "<group>"; };
		5C6515E828C4D7F5006993E6 /* Models.swift */ = {isa = PBXFileReference; lastKnownFileType = sourcecode.swift; path = Models.swift; sourceTree = "<group>"; };
		5C6515EC28C4DA88006993E6 /* NetworkManager.swift */ = {isa = PBXFileReference; lastKnownFileType = sourcecode.swift; path = NetworkManager.swift; sourceTree = "<group>"; };
		5C6515EE28C4DADE006993E6 /* Networkable.swift */ = {isa = PBXFileReference; lastKnownFileType = sourcecode.swift; path = Networkable.swift; sourceTree = "<group>"; };
		5C6515F028C4EDDE006993E6 /* StringExtension.swift */ = {isa = PBXFileReference; lastKnownFileType = sourcecode.swift; path = StringExtension.swift; sourceTree = "<group>"; };
		5C6515F728C50177006993E6 /* LoginEntities.swift */ = {isa = PBXFileReference; lastKnownFileType = sourcecode.swift; path = LoginEntities.swift; sourceTree = "<group>"; };
		5CA0761D28C5323E00818F83 /* Main.storyboard */ = {isa = PBXFileReference; lastKnownFileType = file.storyboard; path = Main.storyboard; sourceTree = "<group>"; };
		5CC55933288C13580060EF7D /* Diverse-Social-Media.app */ = {isa = PBXFileReference; explicitFileType = wrapper.application; includeInIndex = 0; path = "Diverse-Social-Media.app"; sourceTree = BUILT_PRODUCTS_DIR; };
		5CC55936288C13580060EF7D /* AppDelegate.swift */ = {isa = PBXFileReference; lastKnownFileType = sourcecode.swift; path = AppDelegate.swift; sourceTree = "<group>"; };
		5CC55940288C13580060EF7D /* Diverse_Social_Media.xcdatamodel */ = {isa = PBXFileReference; lastKnownFileType = wrapper.xcdatamodel; path = Diverse_Social_Media.xcdatamodel; sourceTree = "<group>"; };
		5CC55942288C13590060EF7D /* Assets.xcassets */ = {isa = PBXFileReference; lastKnownFileType = folder.assetcatalog; path = Assets.xcassets; sourceTree = "<group>"; };
		5CC55945288C13590060EF7D /* Base */ = {isa = PBXFileReference; lastKnownFileType = file.storyboard; name = Base; path = Base.lproj/LaunchScreen.storyboard; sourceTree = "<group>"; };
		5CC55947288C13590060EF7D /* Info.plist */ = {isa = PBXFileReference; lastKnownFileType = text.plist.xml; path = Info.plist; sourceTree = "<group>"; };
		5CC5594C288C13590060EF7D /* Diverse-Social-MediaTests.xctest */ = {isa = PBXFileReference; explicitFileType = wrapper.cfbundle; includeInIndex = 0; path = "Diverse-Social-MediaTests.xctest"; sourceTree = BUILT_PRODUCTS_DIR; };
		5CC55950288C13590060EF7D /* Diverse_Social_MediaTests.swift */ = {isa = PBXFileReference; lastKnownFileType = sourcecode.swift; path = Diverse_Social_MediaTests.swift; sourceTree = "<group>"; };
		5CC55956288C13590060EF7D /* Diverse-Social-MediaUITests.xctest */ = {isa = PBXFileReference; explicitFileType = wrapper.cfbundle; includeInIndex = 0; path = "Diverse-Social-MediaUITests.xctest"; sourceTree = BUILT_PRODUCTS_DIR; };
		5CC5595A288C13590060EF7D /* Diverse_Social_MediaUITests.swift */ = {isa = PBXFileReference; lastKnownFileType = sourcecode.swift; path = Diverse_Social_MediaUITests.swift; sourceTree = "<group>"; };
		5CC5595C288C13590060EF7D /* Diverse_Social_MediaUITestsLaunchTests.swift */ = {isa = PBXFileReference; lastKnownFileType = sourcecode.swift; path = Diverse_Social_MediaUITestsLaunchTests.swift; sourceTree = "<group>"; };
		5CDF7D0D28C7404F0000B64C /* RegisterUserTypeRouter.swift */ = {isa = PBXFileReference; lastKnownFileType = sourcecode.swift; path = RegisterUserTypeRouter.swift; sourceTree = "<group>"; };
		5CDF7D0F28C740640000B64C /* RegisterUserTypeEntities.swift */ = {isa = PBXFileReference; lastKnownFileType = sourcecode.swift; path = RegisterUserTypeEntities.swift; sourceTree = "<group>"; };
		5CDF7D1128C740780000B64C /* RegisterUserTypePresenter.swift */ = {isa = PBXFileReference; lastKnownFileType = sourcecode.swift; path = RegisterUserTypePresenter.swift; sourceTree = "<group>"; };
		5CDF7D1328C740850000B64C /* RegisterUserTypeInteractor.swift */ = {isa = PBXFileReference; lastKnownFileType = sourcecode.swift; path = RegisterUserTypeInteractor.swift; sourceTree = "<group>"; };
		5CDF7D1528C740980000B64C /* RegisterUserTypeViewController.swift */ = {isa = PBXFileReference; lastKnownFileType = sourcecode.swift; path = RegisterUserTypeViewController.swift; sourceTree = "<group>"; };
		5CDF7D1728C740A30000B64C /* RegisterUserType.storyboard */ = {isa = PBXFileReference; lastKnownFileType = file.storyboard; path = RegisterUserType.storyboard; sourceTree = "<group>"; };
		5CDF7D1928C742600000B64C /* RegisterUserTypeContractor.swift */ = {isa = PBXFileReference; lastKnownFileType = sourcecode.swift; path = RegisterUserTypeContractor.swift; sourceTree = "<group>"; };
		5CE7DF8F28BBA3C700699EFE /* UIViewControllerExtension.swift */ = {isa = PBXFileReference; lastKnownFileType = sourcecode.swift; path = UIViewControllerExtension.swift; sourceTree = "<group>"; };
		5CE7DF9528BBA77E00699EFE /* BaseViewController.swift */ = {isa = PBXFileReference; lastKnownFileType = sourcecode.swift; path = BaseViewController.swift; sourceTree = "<group>"; };
		5CE7DF9728BBB5BC00699EFE /* NavigationBar.swift */ = {isa = PBXFileReference; lastKnownFileType = sourcecode.swift; path = NavigationBar.swift; sourceTree = "<group>"; };
		5CE7DF9928BBBF4B00699EFE /* NavigationBar.xib */ = {isa = PBXFileReference; lastKnownFileType = file.xib; path = NavigationBar.xib; sourceTree = "<group>"; };
		5CFF5A8F28B24E8200F529C0 /* ThemeManager.swift */ = {isa = PBXFileReference; lastKnownFileType = sourcecode.swift; path = ThemeManager.swift; sourceTree = "<group>"; };
		5CFF5A9128B2517500F529C0 /* Colours.swift */ = {isa = PBXFileReference; lastKnownFileType = sourcecode.swift; path = Colours.swift; sourceTree = "<group>"; };
		5CFF5A9328B2520700F529C0 /* Fonts */ = {isa = PBXFileReference; lastKnownFileType = folder; path = Fonts; sourceTree = "<group>"; };
		5CFF5A9528B2521400F529C0 /* Fonts.swift */ = {isa = PBXFileReference; lastKnownFileType = sourcecode.swift; path = Fonts.swift; sourceTree = "<group>"; };
		5CFF5A9C28B2722D00F529C0 /* UserManager.swift */ = {isa = PBXFileReference; lastKnownFileType = sourcecode.swift; path = UserManager.swift; sourceTree = "<group>"; };
		5CFF5AA128B2742800F529C0 /* CGFloatExtension.swift */ = {isa = PBXFileReference; lastKnownFileType = sourcecode.swift; path = CGFloatExtension.swift; sourceTree = "<group>"; };
		5CFF5AA328B2747600F529C0 /* UITableViewExtension.swift */ = {isa = PBXFileReference; lastKnownFileType = sourcecode.swift; path = UITableViewExtension.swift; sourceTree = "<group>"; };
		85EDBD4511071668912E1E6D /* Pods-Diverse-Social-MediaTests.release.xcconfig */ = {isa = PBXFileReference; includeInIndex = 1; lastKnownFileType = text.xcconfig; name = "Pods-Diverse-Social-MediaTests.release.xcconfig"; path = "Target Support Files/Pods-Diverse-Social-MediaTests/Pods-Diverse-Social-MediaTests.release.xcconfig"; sourceTree = "<group>"; };
		BAF909CE7EF4088555FCEAFB /* Pods-Diverse-Social-Media-Diverse-Social-MediaUITests.release.xcconfig */ = {isa = PBXFileReference; includeInIndex = 1; lastKnownFileType = text.xcconfig; name = "Pods-Diverse-Social-Media-Diverse-Social-MediaUITests.release.xcconfig"; path = "Target Support Files/Pods-Diverse-Social-Media-Diverse-Social-MediaUITests/Pods-Diverse-Social-Media-Diverse-Social-MediaUITests.release.xcconfig"; sourceTree = "<group>"; };
		BE4A8D3B5AC874B1F7F60088 /* Pods-Diverse-Social-Media.release.xcconfig */ = {isa = PBXFileReference; includeInIndex = 1; lastKnownFileType = text.xcconfig; name = "Pods-Diverse-Social-Media.release.xcconfig"; path = "Target Support Files/Pods-Diverse-Social-Media/Pods-Diverse-Social-Media.release.xcconfig"; sourceTree = "<group>"; };
		C16B2818DAFA94B054C0C23F /* Pods-Diverse-Social-Media.debug.xcconfig */ = {isa = PBXFileReference; includeInIndex = 1; lastKnownFileType = text.xcconfig; name = "Pods-Diverse-Social-Media.debug.xcconfig"; path = "Target Support Files/Pods-Diverse-Social-Media/Pods-Diverse-Social-Media.debug.xcconfig"; sourceTree = "<group>"; };
		C2C94E4D8B15E4A347AF68EC /* Pods-Diverse-Social-MediaTests.debug.xcconfig */ = {isa = PBXFileReference; includeInIndex = 1; lastKnownFileType = text.xcconfig; name = "Pods-Diverse-Social-MediaTests.debug.xcconfig"; path = "Target Support Files/Pods-Diverse-Social-MediaTests/Pods-Diverse-Social-MediaTests.debug.xcconfig"; sourceTree = "<group>"; };
		DDA2465E390756689BF542D9 /* Pods_Diverse_Social_MediaTests.framework */ = {isa = PBXFileReference; explicitFileType = wrapper.framework; includeInIndex = 0; path = Pods_Diverse_Social_MediaTests.framework; sourceTree = BUILT_PRODUCTS_DIR; };
/* End PBXFileReference section */

/* Begin PBXFrameworksBuildPhase section */
		5CC55930288C13580060EF7D /* Frameworks */ = {
			isa = PBXFrameworksBuildPhase;
			buildActionMask = 2147483647;
			files = (
				B52D319AFEA4F8FC69E9F0B8 /* Pods_Diverse_Social_Media.framework in Frameworks */,
			);
			runOnlyForDeploymentPostprocessing = 0;
		};
		5CC55949288C13590060EF7D /* Frameworks */ = {
			isa = PBXFrameworksBuildPhase;
			buildActionMask = 2147483647;
			files = (
				D29F3C91E2D96ED10344104D /* Pods_Diverse_Social_MediaTests.framework in Frameworks */,
			);
			runOnlyForDeploymentPostprocessing = 0;
		};
		5CC55953288C13590060EF7D /* Frameworks */ = {
			isa = PBXFrameworksBuildPhase;
			buildActionMask = 2147483647;
			files = (
				1B4C154139E32DA5B045F8B9 /* Pods_Diverse_Social_Media_Diverse_Social_MediaUITests.framework in Frameworks */,
			);
			runOnlyForDeploymentPostprocessing = 0;
		};
/* End PBXFrameworksBuildPhase section */

/* Begin PBXGroup section */
		36A818F3BBC79B3F6A27D413 /* Pods */ = {
			isa = PBXGroup;
			children = (
				C16B2818DAFA94B054C0C23F /* Pods-Diverse-Social-Media.debug.xcconfig */,
				BE4A8D3B5AC874B1F7F60088 /* Pods-Diverse-Social-Media.release.xcconfig */,
				1C326AD3718EB4131E493E2B /* Pods-Diverse-Social-Media-Diverse-Social-MediaUITests.debug.xcconfig */,
				BAF909CE7EF4088555FCEAFB /* Pods-Diverse-Social-Media-Diverse-Social-MediaUITests.release.xcconfig */,
				C2C94E4D8B15E4A347AF68EC /* Pods-Diverse-Social-MediaTests.debug.xcconfig */,
				85EDBD4511071668912E1E6D /* Pods-Diverse-Social-MediaTests.release.xcconfig */,
			);
			path = Pods;
			sourceTree = "<group>";
		};
		5C12B37428C77AA1001B1F26 /* CollectionViews */ = {
			isa = PBXGroup;
			children = (
				5C12B37528C77ABE001B1F26 /* UserTypeCollectionViewCell.swift */,
				5C12B37628C77ABE001B1F26 /* UserTypeCollectionViewCell.xib */,
			);
			path = CollectionViews;
			sourceTree = "<group>";
		};
		5C2E00C328C274B70016B1E3 /* Debug */ = {
			isa = PBXGroup;
			children = (
				5C2E00C428C274EF0016B1E3 /* DebugManager.swift */,
			);
			path = Debug;
			sourceTree = "<group>";
		};
		5C2E00C628C277820016B1E3 /* Login */ = {
			isa = PBXGroup;
			children = (
				5C6515F228C4FCC8006993E6 /* View */,
				5C6515F328C4FCCF006993E6 /* Interactor */,
				5C6515F428C4FCD9006993E6 /* Presenter */,
				5C6515F528C4FCE0006993E6 /* Entity */,
				5C6515F628C4FCEC006993E6 /* Router */,
			);
			path = Login;
			sourceTree = "<group>";
		};
		5C2E00D128C2859E0016B1E3 /* Splash */ = {
			isa = PBXGroup;
			children = (
				5C6515E528C4D194006993E6 /* View */,
				5C6515E128C4D153006993E6 /* Interactor */,
				5C6515E228C4D15E006993E6 /* Presenter */,
				5C6515E428C4D175006993E6 /* Entity */,
				5C6515E328C4D169006993E6 /* Router */,
			);
			path = Splash;
			sourceTree = "<group>";
		};
		5C6515CA28C4BA27006993E6 /* Constants */ = {
			isa = PBXGroup;
			children = (
				5C6515CB28C4BA36006993E6 /* ApplicationConstants.swift */,
			);
			path = Constants;
			sourceTree = "<group>";
		};
		5C6515D628C4CD0A006993E6 /* Protocols */ = {
			isa = PBXGroup;
			children = (
				5C6515D728C4CD1C006993E6 /* Interactorable.swift */,
				5C6515D928C4CD75006993E6 /* Presenterable.swift */,
				5C6515DB28C4CDBD006993E6 /* Routerable.swift */,
				5C6515DD28C4CDF4006993E6 /* Viewable.swift */,
				5C6515EE28C4DADE006993E6 /* Networkable.swift */,
			);
			path = Protocols;
			sourceTree = "<group>";
		};
		5C6515E128C4D153006993E6 /* Interactor */ = {
			isa = PBXGroup;
			children = (
				5C2E00D628C285E80016B1E3 /* SplashInteractor.swift */,
			);
			path = Interactor;
			sourceTree = "<group>";
		};
		5C6515E228C4D15E006993E6 /* Presenter */ = {
			isa = PBXGroup;
			children = (
				5C2E00D428C285B10016B1E3 /* SplashPresenter.swift */,
				5C6515D228C4CC47006993E6 /* SplashContractor.swift */,
			);
			path = Presenter;
			sourceTree = "<group>";
		};
		5C6515E328C4D169006993E6 /* Router */ = {
			isa = PBXGroup;
			children = (
				5C2E00D228C285A90016B1E3 /* SplashRouter.swift */,
			);
			path = Router;
			sourceTree = "<group>";
		};
		5C6515E428C4D175006993E6 /* Entity */ = {
			isa = PBXGroup;
			children = (
				5C6515DF28C4D0D3006993E6 /* SplashEntities.swift */,
			);
			path = Entity;
			sourceTree = "<group>";
		};
		5C6515E528C4D194006993E6 /* View */ = {
			isa = PBXGroup;
			children = (
				5C2E00D828C2862B0016B1E3 /* SplashViewController.swift */,
				5C6515D028C4CA00006993E6 /* Splash.storyboard */,
			);
			path = View;
			sourceTree = "<group>";
		};
		5C6515EA28C4DA3A006993E6 /* Modules */ = {
			isa = PBXGroup;
			children = (
				5C2E00D128C2859E0016B1E3 /* Splash */,
				5C2E00C628C277820016B1E3 /* Login */,
				5CDF7D0628C722AD0000B64C /* Register */,
			);
			path = Modules;
			sourceTree = "<group>";
		};
		5C6515EB28C4DA77006993E6 /* Network */ = {
			isa = PBXGroup;
			children = (
				5C6515EC28C4DA88006993E6 /* NetworkManager.swift */,
				5C6515E828C4D7F5006993E6 /* Models.swift */,
			);
			path = Network;
			sourceTree = "<group>";
		};
		5C6515F228C4FCC8006993E6 /* View */ = {
			isa = PBXGroup;
			children = (
				5C2E00CB28C277F30016B1E3 /* LoginViewController.swift */,
				5C6515CD28C4BED0006993E6 /* Login.storyboard */,
			);
			path = View;
			sourceTree = "<group>";
		};
		5C6515F328C4FCCF006993E6 /* Interactor */ = {
			isa = PBXGroup;
			children = (
				5C2E00CD28C2784D0016B1E3 /* LoginInteractor.swift */,
			);
			path = Interactor;
			sourceTree = "<group>";
		};
		5C6515F428C4FCD9006993E6 /* Presenter */ = {
			isa = PBXGroup;
			children = (
				5C2E00C728C277A80016B1E3 /* LoginPresenter.swift */,
				5C6515C828C4B30E006993E6 /* LoginContractor.swift */,
			);
			path = Presenter;
			sourceTree = "<group>";
		};
		5C6515F528C4FCE0006993E6 /* Entity */ = {
			isa = PBXGroup;
			children = (
				5C6515F728C50177006993E6 /* LoginEntities.swift */,
			);
			path = Entity;
			sourceTree = "<group>";
		};
		5C6515F628C4FCEC006993E6 /* Router */ = {
			isa = PBXGroup;
			children = (
				5C2E00C928C277C00016B1E3 /* LoginRouter.swift */,
			);
			path = Router;
			sourceTree = "<group>";
		};
		5CC5592A288C13570060EF7D = {
			isa = PBXGroup;
			children = (
				5CC55935288C13580060EF7D /* Diverse-Social-Media */,
				5CC5594F288C13590060EF7D /* Diverse-Social-MediaTests */,
				5CC55959288C13590060EF7D /* Diverse-Social-MediaUITests */,
				5CC55934288C13580060EF7D /* Products */,
				36A818F3BBC79B3F6A27D413 /* Pods */,
				B7048B099789BC1D87EB54BF /* Frameworks */,
			);
			sourceTree = "<group>";
		};
		5CC55934288C13580060EF7D /* Products */ = {
			isa = PBXGroup;
			children = (
				5CC55933288C13580060EF7D /* Diverse-Social-Media.app */,
				5CC5594C288C13590060EF7D /* Diverse-Social-MediaTests.xctest */,
				5CC55956288C13590060EF7D /* Diverse-Social-MediaUITests.xctest */,
			);
			name = Products;
			sourceTree = "<group>";
		};
		5CC55935288C13580060EF7D /* Diverse-Social-Media */ = {
			isa = PBXGroup;
			children = (
				5CC55936288C13580060EF7D /* AppDelegate.swift */,
				5C6515EA28C4DA3A006993E6 /* Modules */,
				5CE7DF9228BBA6B500699EFE /* Helpers */,
				5CFF5A9B28B2721500F529C0 /* User */,
				5CFF5A8E28B2453500F529C0 /* Theme */,
				5CE7DF8728BB7DDB00699EFE /* Supporting Files */,
				5CC55947288C13590060EF7D /* Info.plist */,
				5CC5593F288C13580060EF7D /* Diverse_Social_Media.xcdatamodeld */,
			);
			path = "Diverse-Social-Media";
			sourceTree = "<group>";
		};
		5CC5594F288C13590060EF7D /* Diverse-Social-MediaTests */ = {
			isa = PBXGroup;
			children = (
				5CC55950288C13590060EF7D /* Diverse_Social_MediaTests.swift */,
			);
			path = "Diverse-Social-MediaTests";
			sourceTree = "<group>";
		};
		5CC55959288C13590060EF7D /* Diverse-Social-MediaUITests */ = {
			isa = PBXGroup;
			children = (
				5CC5595A288C13590060EF7D /* Diverse_Social_MediaUITests.swift */,
				5CC5595C288C13590060EF7D /* Diverse_Social_MediaUITestsLaunchTests.swift */,
			);
			path = "Diverse-Social-MediaUITests";
			sourceTree = "<group>";
		};
		5CDF7D0628C722AD0000B64C /* Register */ = {
			isa = PBXGroup;
			children = (
				5CDF7D0728C73FEB0000B64C /* RegisterUserType */,
			);
			path = Register;
			sourceTree = "<group>";
		};
		5CDF7D0728C73FEB0000B64C /* RegisterUserType */ = {
			isa = PBXGroup;
			children = (
				5CDF7D0828C73FFD0000B64C /* View */,
				5CDF7D0928C740030000B64C /* Interactor */,
				5CDF7D0C28C7401A0000B64C /* Presenter */,
				5CDF7D0B28C740130000B64C /* Entity */,
				5CDF7D0A28C7400B0000B64C /* Router */,
			);
			path = RegisterUserType;
			sourceTree = "<group>";
		};
		5CDF7D0828C73FFD0000B64C /* View */ = {
			isa = PBXGroup;
			children = (
				5C12B37428C77AA1001B1F26 /* CollectionViews */,
				5CDF7D1528C740980000B64C /* RegisterUserTypeViewController.swift */,
				5CDF7D1728C740A30000B64C /* RegisterUserType.storyboard */,
			);
			path = View;
			sourceTree = "<group>";
		};
		5CDF7D0928C740030000B64C /* Interactor */ = {
			isa = PBXGroup;
			children = (
				5CDF7D1328C740850000B64C /* RegisterUserTypeInteractor.swift */,
			);
			path = Interactor;
			sourceTree = "<group>";
		};
		5CDF7D0A28C7400B0000B64C /* Router */ = {
			isa = PBXGroup;
			children = (
				5CDF7D0D28C7404F0000B64C /* RegisterUserTypeRouter.swift */,
			);
			path = Router;
			sourceTree = "<group>";
		};
		5CDF7D0B28C740130000B64C /* Entity */ = {
			isa = PBXGroup;
			children = (
				5CDF7D0F28C740640000B64C /* RegisterUserTypeEntities.swift */,
			);
			path = Entity;
			sourceTree = "<group>";
		};
		5CDF7D0C28C7401A0000B64C /* Presenter */ = {
			isa = PBXGroup;
			children = (
				5CDF7D1128C740780000B64C /* RegisterUserTypePresenter.swift */,
				5CDF7D1928C742600000B64C /* RegisterUserTypeContractor.swift */,
			);
			path = Presenter;
			sourceTree = "<group>";
		};
		5CE7DF8728BB7DDB00699EFE /* Supporting Files */ = {
			isa = PBXGroup;
			children = (
				5C6515CA28C4BA27006993E6 /* Constants */,
				5C2E00C328C274B70016B1E3 /* Debug */,
				5CC55942288C13590060EF7D /* Assets.xcassets */,
				5CC55944288C13590060EF7D /* LaunchScreen.storyboard */,
				5CA0761D28C5323E00818F83 /* Main.storyboard */,
			);
			path = "Supporting Files";
			sourceTree = "<group>";
		};
		5CE7DF9228BBA6B500699EFE /* Helpers */ = {
			isa = PBXGroup;
			children = (
				5CE7DF9428BBA76500699EFE /* Base */,
				5C6515EB28C4DA77006993E6 /* Network */,
				5C6515D628C4CD0A006993E6 /* Protocols */,
				5CE7DF9328BBA6C800699EFE /* NavigationBar */,
				5CFF5AA028B272E800F529C0 /* Extensions */,
			);
			path = Helpers;
			sourceTree = "<group>";
		};
		5CE7DF9328BBA6C800699EFE /* NavigationBar */ = {
			isa = PBXGroup;
			children = (
				5CE7DF9728BBB5BC00699EFE /* NavigationBar.swift */,
				5CE7DF9928BBBF4B00699EFE /* NavigationBar.xib */,
			);
			path = NavigationBar;
			sourceTree = "<group>";
		};
		5CE7DF9428BBA76500699EFE /* Base */ = {
			isa = PBXGroup;
			children = (
				5CE7DF9528BBA77E00699EFE /* BaseViewController.swift */,
			);
			path = Base;
			sourceTree = "<group>";
		};
		5CFF5A8E28B2453500F529C0 /* Theme */ = {
			isa = PBXGroup;
			children = (
				5CFF5A8F28B24E8200F529C0 /* ThemeManager.swift */,
				5CFF5A9128B2517500F529C0 /* Colours.swift */,
				5CFF5A9528B2521400F529C0 /* Fonts.swift */,
				5CFF5A9328B2520700F529C0 /* Fonts */,
			);
			path = Theme;
			sourceTree = "<group>";
		};
		5CFF5A9B28B2721500F529C0 /* User */ = {
			isa = PBXGroup;
			children = (
				5CFF5A9C28B2722D00F529C0 /* UserManager.swift */,
				5C09CD4828C7CCC200CB457E /* UserTypeConfig.swift */,
			);
			path = User;
			sourceTree = "<group>";
		};
		5CFF5AA028B272E800F529C0 /* Extensions */ = {
			isa = PBXGroup;
			children = (
				5CFF5AA128B2742800F529C0 /* CGFloatExtension.swift */,
				5C2E00BF28C259970016B1E3 /* UIViewExtension.swift */,
				5C6515F028C4EDDE006993E6 /* StringExtension.swift */,
				5C12B37928C77DF3001B1F26 /* UICollectionViewExtension.swift */,
				5C2E00CF28C27A290016B1E3 /* UIStoryboardExtension.swift */,
				5C12B37D28C786CB001B1F26 /* ArrayExtension.swift */,
				5CFF5AA328B2747600F529C0 /* UITableViewExtension.swift */,
				5C2E00C128C2664C0016B1E3 /* NSObjectExtension.swift */,
				5CE7DF8F28BBA3C700699EFE /* UIViewControllerExtension.swift */,
			);
			path = Extensions;
			sourceTree = "<group>";
		};
		B7048B099789BC1D87EB54BF /* Frameworks */ = {
			isa = PBXGroup;
			children = (
				44B954CE80CE9BB23948A5C8 /* Pods_Diverse_Social_Media.framework */,
				1BD34C901B705C9752BF5179 /* Pods_Diverse_Social_Media_Diverse_Social_MediaUITests.framework */,
				DDA2465E390756689BF542D9 /* Pods_Diverse_Social_MediaTests.framework */,
			);
			name = Frameworks;
			sourceTree = "<group>";
		};
/* End PBXGroup section */

/* Begin PBXNativeTarget section */
		5CC55932288C13580060EF7D /* Diverse-Social-Media */ = {
			isa = PBXNativeTarget;
			buildConfigurationList = 5CC55960288C13590060EF7D /* Build configuration list for PBXNativeTarget "Diverse-Social-Media" */;
			buildPhases = (
				3D589F126E69ABB2E7C718A1 /* [CP] Check Pods Manifest.lock */,
				5CC5592F288C13580060EF7D /* Sources */,
				5CC55930288C13580060EF7D /* Frameworks */,
				5CC55931288C13580060EF7D /* Resources */,
				39D2BC1B01961883A6EAF797 /* [CP] Embed Pods Frameworks */,
			);
			buildRules = (
			);
			dependencies = (
			);
			name = "Diverse-Social-Media";
			productName = "Diverse-Social-Media";
			productReference = 5CC55933288C13580060EF7D /* Diverse-Social-Media.app */;
			productType = "com.apple.product-type.application";
		};
		5CC5594B288C13590060EF7D /* Diverse-Social-MediaTests */ = {
			isa = PBXNativeTarget;
			buildConfigurationList = 5CC55963288C13590060EF7D /* Build configuration list for PBXNativeTarget "Diverse-Social-MediaTests" */;
			buildPhases = (
				041D69C2A63D523035AB8557 /* [CP] Check Pods Manifest.lock */,
				5CC55948288C13590060EF7D /* Sources */,
				5CC55949288C13590060EF7D /* Frameworks */,
				5CC5594A288C13590060EF7D /* Resources */,
			);
			buildRules = (
			);
			dependencies = (
				5CC5594E288C13590060EF7D /* PBXTargetDependency */,
			);
			name = "Diverse-Social-MediaTests";
			productName = "Diverse-Social-MediaTests";
			productReference = 5CC5594C288C13590060EF7D /* Diverse-Social-MediaTests.xctest */;
			productType = "com.apple.product-type.bundle.unit-test";
		};
		5CC55955288C13590060EF7D /* Diverse-Social-MediaUITests */ = {
			isa = PBXNativeTarget;
			buildConfigurationList = 5CC55966288C13590060EF7D /* Build configuration list for PBXNativeTarget "Diverse-Social-MediaUITests" */;
			buildPhases = (
				ADEC382184EF0600D36DC92A /* [CP] Check Pods Manifest.lock */,
				5CC55952288C13590060EF7D /* Sources */,
				5CC55953288C13590060EF7D /* Frameworks */,
				5CC55954288C13590060EF7D /* Resources */,
				01A93FACCAB9513301EADAE2 /* [CP] Embed Pods Frameworks */,
			);
			buildRules = (
			);
			dependencies = (
				5CC55958288C13590060EF7D /* PBXTargetDependency */,
			);
			name = "Diverse-Social-MediaUITests";
			productName = "Diverse-Social-MediaUITests";
			productReference = 5CC55956288C13590060EF7D /* Diverse-Social-MediaUITests.xctest */;
			productType = "com.apple.product-type.bundle.ui-testing";
		};
/* End PBXNativeTarget section */

/* Begin PBXProject section */
		5CC5592B288C13570060EF7D /* Project object */ = {
			isa = PBXProject;
			attributes = {
				BuildIndependentTargetsInParallel = 1;
				LastSwiftUpdateCheck = 1340;
				LastUpgradeCheck = 1340;
				TargetAttributes = {
					5CC55932288C13580060EF7D = {
						CreatedOnToolsVersion = 13.4;
					};
					5CC5594B288C13590060EF7D = {
						CreatedOnToolsVersion = 13.4;
						TestTargetID = 5CC55932288C13580060EF7D;
					};
					5CC55955288C13590060EF7D = {
						CreatedOnToolsVersion = 13.4;
						TestTargetID = 5CC55932288C13580060EF7D;
					};
				};
			};
			buildConfigurationList = 5CC5592E288C13570060EF7D /* Build configuration list for PBXProject "Diverse-Social-Media" */;
			compatibilityVersion = "Xcode 13.0";
			developmentRegion = en;
			hasScannedForEncodings = 0;
			knownRegions = (
				en,
				Base,
			);
			mainGroup = 5CC5592A288C13570060EF7D;
			productRefGroup = 5CC55934288C13580060EF7D /* Products */;
			projectDirPath = "";
			projectRoot = "";
			targets = (
				5CC55932288C13580060EF7D /* Diverse-Social-Media */,
				5CC5594B288C13590060EF7D /* Diverse-Social-MediaTests */,
				5CC55955288C13590060EF7D /* Diverse-Social-MediaUITests */,
			);
		};
/* End PBXProject section */

/* Begin PBXResourcesBuildPhase section */
		5CC55931288C13580060EF7D /* Resources */ = {
			isa = PBXResourcesBuildPhase;
			buildActionMask = 2147483647;
			files = (
				5CDF7D1828C740A30000B64C /* RegisterUserType.storyboard in Resources */,
				5CC55946288C13590060EF7D /* LaunchScreen.storyboard in Resources */,
				5CC55943288C13590060EF7D /* Assets.xcassets in Resources */,
				5CA0761E28C5323E00818F83 /* Main.storyboard in Resources */,
				5C6515CE28C4BED0006993E6 /* Login.storyboard in Resources */,
				5CFF5A9428B2520700F529C0 /* Fonts in Resources */,
				5CE7DF9A28BBBF4B00699EFE /* NavigationBar.xib in Resources */,
				5C6515D128C4CA00006993E6 /* Splash.storyboard in Resources */,
				5C12B37828C77ABE001B1F26 /* UserTypeCollectionViewCell.xib in Resources */,
			);
			runOnlyForDeploymentPostprocessing = 0;
		};
		5CC5594A288C13590060EF7D /* Resources */ = {
			isa = PBXResourcesBuildPhase;
			buildActionMask = 2147483647;
			files = (
			);
			runOnlyForDeploymentPostprocessing = 0;
		};
		5CC55954288C13590060EF7D /* Resources */ = {
			isa = PBXResourcesBuildPhase;
			buildActionMask = 2147483647;
			files = (
			);
			runOnlyForDeploymentPostprocessing = 0;
		};
/* End PBXResourcesBuildPhase section */

/* Begin PBXShellScriptBuildPhase section */
		01A93FACCAB9513301EADAE2 /* [CP] Embed Pods Frameworks */ = {
			isa = PBXShellScriptBuildPhase;
			buildActionMask = 2147483647;
			files = (
			);
			inputFileListPaths = (
				"${PODS_ROOT}/Target Support Files/Pods-Diverse-Social-Media-Diverse-Social-MediaUITests/Pods-Diverse-Social-Media-Diverse-Social-MediaUITests-frameworks-${CONFIGURATION}-input-files.xcfilelist",
			);
			name = "[CP] Embed Pods Frameworks";
			outputFileListPaths = (
				"${PODS_ROOT}/Target Support Files/Pods-Diverse-Social-Media-Diverse-Social-MediaUITests/Pods-Diverse-Social-Media-Diverse-Social-MediaUITests-frameworks-${CONFIGURATION}-output-files.xcfilelist",
			);
			runOnlyForDeploymentPostprocessing = 0;
			shellPath = /bin/sh;
			shellScript = "\"${PODS_ROOT}/Target Support Files/Pods-Diverse-Social-Media-Diverse-Social-MediaUITests/Pods-Diverse-Social-Media-Diverse-Social-MediaUITests-frameworks.sh\"\n";
			showEnvVarsInLog = 0;
		};
		041D69C2A63D523035AB8557 /* [CP] Check Pods Manifest.lock */ = {
			isa = PBXShellScriptBuildPhase;
			buildActionMask = 2147483647;
			files = (
			);
			inputFileListPaths = (
			);
			inputPaths = (
				"${PODS_PODFILE_DIR_PATH}/Podfile.lock",
				"${PODS_ROOT}/Manifest.lock",
			);
			name = "[CP] Check Pods Manifest.lock";
			outputFileListPaths = (
			);
			outputPaths = (
				"$(DERIVED_FILE_DIR)/Pods-Diverse-Social-MediaTests-checkManifestLockResult.txt",
			);
			runOnlyForDeploymentPostprocessing = 0;
			shellPath = /bin/sh;
			shellScript = "diff \"${PODS_PODFILE_DIR_PATH}/Podfile.lock\" \"${PODS_ROOT}/Manifest.lock\" > /dev/null\nif [ $? != 0 ] ; then\n    # print error to STDERR\n    echo \"error: The sandbox is not in sync with the Podfile.lock. Run 'pod install' or update your CocoaPods installation.\" >&2\n    exit 1\nfi\n# This output is used by Xcode 'outputs' to avoid re-running this script phase.\necho \"SUCCESS\" > \"${SCRIPT_OUTPUT_FILE_0}\"\n";
			showEnvVarsInLog = 0;
		};
		39D2BC1B01961883A6EAF797 /* [CP] Embed Pods Frameworks */ = {
			isa = PBXShellScriptBuildPhase;
			buildActionMask = 2147483647;
			files = (
			);
			inputFileListPaths = (
				"${PODS_ROOT}/Target Support Files/Pods-Diverse-Social-Media/Pods-Diverse-Social-Media-frameworks-${CONFIGURATION}-input-files.xcfilelist",
			);
			name = "[CP] Embed Pods Frameworks";
			outputFileListPaths = (
				"${PODS_ROOT}/Target Support Files/Pods-Diverse-Social-Media/Pods-Diverse-Social-Media-frameworks-${CONFIGURATION}-output-files.xcfilelist",
			);
			runOnlyForDeploymentPostprocessing = 0;
			shellPath = /bin/sh;
			shellScript = "\"${PODS_ROOT}/Target Support Files/Pods-Diverse-Social-Media/Pods-Diverse-Social-Media-frameworks.sh\"\n";
			showEnvVarsInLog = 0;
		};
		3D589F126E69ABB2E7C718A1 /* [CP] Check Pods Manifest.lock */ = {
			isa = PBXShellScriptBuildPhase;
			buildActionMask = 2147483647;
			files = (
			);
			inputFileListPaths = (
			);
			inputPaths = (
				"${PODS_PODFILE_DIR_PATH}/Podfile.lock",
				"${PODS_ROOT}/Manifest.lock",
			);
			name = "[CP] Check Pods Manifest.lock";
			outputFileListPaths = (
			);
			outputPaths = (
				"$(DERIVED_FILE_DIR)/Pods-Diverse-Social-Media-checkManifestLockResult.txt",
			);
			runOnlyForDeploymentPostprocessing = 0;
			shellPath = /bin/sh;
			shellScript = "diff \"${PODS_PODFILE_DIR_PATH}/Podfile.lock\" \"${PODS_ROOT}/Manifest.lock\" > /dev/null\nif [ $? != 0 ] ; then\n    # print error to STDERR\n    echo \"error: The sandbox is not in sync with the Podfile.lock. Run 'pod install' or update your CocoaPods installation.\" >&2\n    exit 1\nfi\n# This output is used by Xcode 'outputs' to avoid re-running this script phase.\necho \"SUCCESS\" > \"${SCRIPT_OUTPUT_FILE_0}\"\n";
			showEnvVarsInLog = 0;
		};
		ADEC382184EF0600D36DC92A /* [CP] Check Pods Manifest.lock */ = {
			isa = PBXShellScriptBuildPhase;
			buildActionMask = 2147483647;
			files = (
			);
			inputFileListPaths = (
			);
			inputPaths = (
				"${PODS_PODFILE_DIR_PATH}/Podfile.lock",
				"${PODS_ROOT}/Manifest.lock",
			);
			name = "[CP] Check Pods Manifest.lock";
			outputFileListPaths = (
			);
			outputPaths = (
				"$(DERIVED_FILE_DIR)/Pods-Diverse-Social-Media-Diverse-Social-MediaUITests-checkManifestLockResult.txt",
			);
			runOnlyForDeploymentPostprocessing = 0;
			shellPath = /bin/sh;
			shellScript = "diff \"${PODS_PODFILE_DIR_PATH}/Podfile.lock\" \"${PODS_ROOT}/Manifest.lock\" > /dev/null\nif [ $? != 0 ] ; then\n    # print error to STDERR\n    echo \"error: The sandbox is not in sync with the Podfile.lock. Run 'pod install' or update your CocoaPods installation.\" >&2\n    exit 1\nfi\n# This output is used by Xcode 'outputs' to avoid re-running this script phase.\necho \"SUCCESS\" > \"${SCRIPT_OUTPUT_FILE_0}\"\n";
			showEnvVarsInLog = 0;
		};
/* End PBXShellScriptBuildPhase section */

/* Begin PBXSourcesBuildPhase section */
		5CC5592F288C13580060EF7D /* Sources */ = {
			isa = PBXSourcesBuildPhase;
			buildActionMask = 2147483647;
			files = (
				5C12B37A28C77DF3001B1F26 /* UICollectionViewExtension.swift in Sources */,
				5CDF7D1628C740980000B64C /* RegisterUserTypeViewController.swift in Sources */,
				5C6515E928C4D7F5006993E6 /* Models.swift in Sources */,
				5C2E00CC28C277F30016B1E3 /* LoginViewController.swift in Sources */,
				5C6515F128C4EDDE006993E6 /* StringExtension.swift in Sources */,
				5C2E00CE28C2784D0016B1E3 /* LoginInteractor.swift in Sources */,
				5CDF7D1228C740780000B64C /* RegisterUserTypePresenter.swift in Sources */,
				5C2E00D028C27A290016B1E3 /* UIStoryboardExtension.swift in Sources */,
				5C2E00D728C285E80016B1E3 /* SplashInteractor.swift in Sources */,
				5C6515DC28C4CDBD006993E6 /* Routerable.swift in Sources */,
				5C6515CC28C4BA36006993E6 /* ApplicationConstants.swift in Sources */,
				5C2E00C828C277A80016B1E3 /* LoginPresenter.swift in Sources */,
				5CC55941288C13580060EF7D /* Diverse_Social_Media.xcdatamodeld in Sources */,
				5CDF7D1028C740640000B64C /* RegisterUserTypeEntities.swift in Sources */,
				5C6515EF28C4DADE006993E6 /* Networkable.swift in Sources */,
				5C12B37728C77ABE001B1F26 /* UserTypeCollectionViewCell.swift in Sources */,
				5C6515D328C4CC47006993E6 /* SplashContractor.swift in Sources */,
				5C09CD4928C7CCC200CB457E /* UserTypeConfig.swift in Sources */,
				5C6515F828C50177006993E6 /* LoginEntities.swift in Sources */,
				5CFF5A9628B2521400F529C0 /* Fonts.swift in Sources */,
				5CE7DF9628BBA77E00699EFE /* BaseViewController.swift in Sources */,
				5CE7DF9028BBA3C700699EFE /* UIViewControllerExtension.swift in Sources */,
				5C2E00CA28C277C00016B1E3 /* LoginRouter.swift in Sources */,
				5CC55937288C13580060EF7D /* AppDelegate.swift in Sources */,
				5C6515ED28C4DA88006993E6 /* NetworkManager.swift in Sources */,
				5CFF5A9028B24E8200F529C0 /* ThemeManager.swift in Sources */,
				5C6515DE28C4CDF4006993E6 /* Viewable.swift in Sources */,
				5C2E00C228C2664C0016B1E3 /* NSObjectExtension.swift in Sources */,
				5CDF7D1428C740850000B64C /* RegisterUserTypeInteractor.swift in Sources */,
				5C2E00C528C274EF0016B1E3 /* DebugManager.swift in Sources */,
				5C2E00D928C2862B0016B1E3 /* SplashViewController.swift in Sources */,
				5CDF7D1A28C742600000B64C /* RegisterUserTypeContractor.swift in Sources */,
				5CFF5A9D28B2722D00F529C0 /* UserManager.swift in Sources */,
				5C12B37E28C786CB001B1F26 /* ArrayExtension.swift in Sources */,
				5C6515C928C4B30E006993E6 /* LoginContractor.swift in Sources */,
				5C2E00D528C285B10016B1E3 /* SplashPresenter.swift in Sources */,
				5CFF5AA428B2747600F529C0 /* UITableViewExtension.swift in Sources */,
				5C6515D828C4CD1C006993E6 /* Interactorable.swift in Sources */,
				5C6515DA28C4CD75006993E6 /* Presenterable.swift in Sources */,
				5CDF7D0E28C7404F0000B64C /* RegisterUserTypeRouter.swift in Sources */,
				5C2E00D328C285A90016B1E3 /* SplashRouter.swift in Sources */,
				5C2E00C028C259970016B1E3 /* UIViewExtension.swift in Sources */,
				5CFF5AA228B2742800F529C0 /* CGFloatExtension.swift in Sources */,
				5CFF5A9228B2517500F529C0 /* Colours.swift in Sources */,
				5CE7DF9828BBB5BC00699EFE /* NavigationBar.swift in Sources */,
				5C6515E028C4D0D3006993E6 /* SplashEntities.swift in Sources */,
			);
			runOnlyForDeploymentPostprocessing = 0;
		};
		5CC55948288C13590060EF7D /* Sources */ = {
			isa = PBXSourcesBuildPhase;
			buildActionMask = 2147483647;
			files = (
				5CC55951288C13590060EF7D /* Diverse_Social_MediaTests.swift in Sources */,
			);
			runOnlyForDeploymentPostprocessing = 0;
		};
		5CC55952288C13590060EF7D /* Sources */ = {
			isa = PBXSourcesBuildPhase;
			buildActionMask = 2147483647;
			files = (
				5CC5595B288C13590060EF7D /* Diverse_Social_MediaUITests.swift in Sources */,
				5CC5595D288C13590060EF7D /* Diverse_Social_MediaUITestsLaunchTests.swift in Sources */,
			);
			runOnlyForDeploymentPostprocessing = 0;
		};
/* End PBXSourcesBuildPhase section */

/* Begin PBXTargetDependency section */
		5CC5594E288C13590060EF7D /* PBXTargetDependency */ = {
			isa = PBXTargetDependency;
			target = 5CC55932288C13580060EF7D /* Diverse-Social-Media */;
			targetProxy = 5CC5594D288C13590060EF7D /* PBXContainerItemProxy */;
		};
		5CC55958288C13590060EF7D /* PBXTargetDependency */ = {
			isa = PBXTargetDependency;
			target = 5CC55932288C13580060EF7D /* Diverse-Social-Media */;
			targetProxy = 5CC55957288C13590060EF7D /* PBXContainerItemProxy */;
		};
/* End PBXTargetDependency section */

/* Begin PBXVariantGroup section */
		5CC55944288C13590060EF7D /* LaunchScreen.storyboard */ = {
			isa = PBXVariantGroup;
			children = (
				5CC55945288C13590060EF7D /* Base */,
			);
			name = LaunchScreen.storyboard;
			sourceTree = "<group>";
		};
/* End PBXVariantGroup section */

/* Begin XCBuildConfiguration section */
		5CC5595E288C13590060EF7D /* Debug */ = {
			isa = XCBuildConfiguration;
			buildSettings = {
				ALWAYS_SEARCH_USER_PATHS = NO;
				CLANG_ANALYZER_NONNULL = YES;
				CLANG_ANALYZER_NUMBER_OBJECT_CONVERSION = YES_AGGRESSIVE;
				CLANG_CXX_LANGUAGE_STANDARD = "gnu++17";
				CLANG_ENABLE_MODULES = YES;
				CLANG_ENABLE_OBJC_ARC = YES;
				CLANG_ENABLE_OBJC_WEAK = YES;
				CLANG_WARN_BLOCK_CAPTURE_AUTORELEASING = YES;
				CLANG_WARN_BOOL_CONVERSION = YES;
				CLANG_WARN_COMMA = YES;
				CLANG_WARN_CONSTANT_CONVERSION = YES;
				CLANG_WARN_DEPRECATED_OBJC_IMPLEMENTATIONS = YES;
				CLANG_WARN_DIRECT_OBJC_ISA_USAGE = YES_ERROR;
				CLANG_WARN_DOCUMENTATION_COMMENTS = YES;
				CLANG_WARN_EMPTY_BODY = YES;
				CLANG_WARN_ENUM_CONVERSION = YES;
				CLANG_WARN_INFINITE_RECURSION = YES;
				CLANG_WARN_INT_CONVERSION = YES;
				CLANG_WARN_NON_LITERAL_NULL_CONVERSION = YES;
				CLANG_WARN_OBJC_IMPLICIT_RETAIN_SELF = YES;
				CLANG_WARN_OBJC_LITERAL_CONVERSION = YES;
				CLANG_WARN_OBJC_ROOT_CLASS = YES_ERROR;
				CLANG_WARN_QUOTED_INCLUDE_IN_FRAMEWORK_HEADER = YES;
				CLANG_WARN_RANGE_LOOP_ANALYSIS = YES;
				CLANG_WARN_STRICT_PROTOTYPES = YES;
				CLANG_WARN_SUSPICIOUS_MOVE = YES;
				CLANG_WARN_UNGUARDED_AVAILABILITY = YES_AGGRESSIVE;
				CLANG_WARN_UNREACHABLE_CODE = YES;
				CLANG_WARN__DUPLICATE_METHOD_MATCH = YES;
				COPY_PHASE_STRIP = NO;
				DEBUG_INFORMATION_FORMAT = dwarf;
				ENABLE_STRICT_OBJC_MSGSEND = YES;
				ENABLE_TESTABILITY = YES;
				GCC_C_LANGUAGE_STANDARD = gnu11;
				GCC_DYNAMIC_NO_PIC = NO;
				GCC_NO_COMMON_BLOCKS = YES;
				GCC_OPTIMIZATION_LEVEL = 0;
				GCC_PREPROCESSOR_DEFINITIONS = (
					"DEBUG=1",
					"$(inherited)",
				);
				GCC_WARN_64_TO_32_BIT_CONVERSION = YES;
				GCC_WARN_ABOUT_RETURN_TYPE = YES_ERROR;
				GCC_WARN_UNDECLARED_SELECTOR = YES;
				GCC_WARN_UNINITIALIZED_AUTOS = YES_AGGRESSIVE;
				GCC_WARN_UNUSED_FUNCTION = YES;
				GCC_WARN_UNUSED_VARIABLE = YES;
				IPHONEOS_DEPLOYMENT_TARGET = 12.0;
				MTL_ENABLE_DEBUG_INFO = INCLUDE_SOURCE;
				MTL_FAST_MATH = YES;
				ONLY_ACTIVE_ARCH = YES;
				SDKROOT = iphoneos;
				SWIFT_ACTIVE_COMPILATION_CONDITIONS = DEBUG;
				SWIFT_OPTIMIZATION_LEVEL = "-Onone";
			};
			name = Debug;
		};
		5CC5595F288C13590060EF7D /* Release */ = {
			isa = XCBuildConfiguration;
			buildSettings = {
				ALWAYS_SEARCH_USER_PATHS = NO;
				CLANG_ANALYZER_NONNULL = YES;
				CLANG_ANALYZER_NUMBER_OBJECT_CONVERSION = YES_AGGRESSIVE;
				CLANG_CXX_LANGUAGE_STANDARD = "gnu++17";
				CLANG_ENABLE_MODULES = YES;
				CLANG_ENABLE_OBJC_ARC = YES;
				CLANG_ENABLE_OBJC_WEAK = YES;
				CLANG_WARN_BLOCK_CAPTURE_AUTORELEASING = YES;
				CLANG_WARN_BOOL_CONVERSION = YES;
				CLANG_WARN_COMMA = YES;
				CLANG_WARN_CONSTANT_CONVERSION = YES;
				CLANG_WARN_DEPRECATED_OBJC_IMPLEMENTATIONS = YES;
				CLANG_WARN_DIRECT_OBJC_ISA_USAGE = YES_ERROR;
				CLANG_WARN_DOCUMENTATION_COMMENTS = YES;
				CLANG_WARN_EMPTY_BODY = YES;
				CLANG_WARN_ENUM_CONVERSION = YES;
				CLANG_WARN_INFINITE_RECURSION = YES;
				CLANG_WARN_INT_CONVERSION = YES;
				CLANG_WARN_NON_LITERAL_NULL_CONVERSION = YES;
				CLANG_WARN_OBJC_IMPLICIT_RETAIN_SELF = YES;
				CLANG_WARN_OBJC_LITERAL_CONVERSION = YES;
				CLANG_WARN_OBJC_ROOT_CLASS = YES_ERROR;
				CLANG_WARN_QUOTED_INCLUDE_IN_FRAMEWORK_HEADER = YES;
				CLANG_WARN_RANGE_LOOP_ANALYSIS = YES;
				CLANG_WARN_STRICT_PROTOTYPES = YES;
				CLANG_WARN_SUSPICIOUS_MOVE = YES;
				CLANG_WARN_UNGUARDED_AVAILABILITY = YES_AGGRESSIVE;
				CLANG_WARN_UNREACHABLE_CODE = YES;
				CLANG_WARN__DUPLICATE_METHOD_MATCH = YES;
				COPY_PHASE_STRIP = NO;
				DEBUG_INFORMATION_FORMAT = "dwarf-with-dsym";
				ENABLE_NS_ASSERTIONS = NO;
				ENABLE_STRICT_OBJC_MSGSEND = YES;
				GCC_C_LANGUAGE_STANDARD = gnu11;
				GCC_NO_COMMON_BLOCKS = YES;
				GCC_WARN_64_TO_32_BIT_CONVERSION = YES;
				GCC_WARN_ABOUT_RETURN_TYPE = YES_ERROR;
				GCC_WARN_UNDECLARED_SELECTOR = YES;
				GCC_WARN_UNINITIALIZED_AUTOS = YES_AGGRESSIVE;
				GCC_WARN_UNUSED_FUNCTION = YES;
				GCC_WARN_UNUSED_VARIABLE = YES;
				IPHONEOS_DEPLOYMENT_TARGET = 12.0;
				MTL_ENABLE_DEBUG_INFO = NO;
				MTL_FAST_MATH = YES;
				SDKROOT = iphoneos;
				SWIFT_COMPILATION_MODE = wholemodule;
				SWIFT_OPTIMIZATION_LEVEL = "-O";
				VALIDATE_PRODUCT = YES;
			};
			name = Release;
		};
		5CC55961288C13590060EF7D /* Debug */ = {
			isa = XCBuildConfiguration;
			baseConfigurationReference = C16B2818DAFA94B054C0C23F /* Pods-Diverse-Social-Media.debug.xcconfig */;
			buildSettings = {
				ASSETCATALOG_COMPILER_APPICON_NAME = AppIcon;
				ASSETCATALOG_COMPILER_GLOBAL_ACCENT_COLOR_NAME = AccentColor;
				CODE_SIGN_STYLE = Automatic;
				CURRENT_PROJECT_VERSION = 1;
				GENERATE_INFOPLIST_FILE = YES;
				INFOPLIST_FILE = "Diverse-Social-Media/Info.plist";
				INFOPLIST_KEY_UIApplicationSupportsIndirectInputEvents = YES;
				INFOPLIST_KEY_UILaunchStoryboardName = LaunchScreen;
				INFOPLIST_KEY_UIMainStoryboardFile = Main;
				INFOPLIST_KEY_UISupportedInterfaceOrientations = UIInterfaceOrientationPortrait;
				INFOPLIST_KEY_UISupportedInterfaceOrientations_iPad = "UIInterfaceOrientationPortrait UIInterfaceOrientationPortraitUpsideDown UIInterfaceOrientationLandscapeLeft UIInterfaceOrientationLandscapeRight";
				INFOPLIST_KEY_UISupportedInterfaceOrientations_iPhone = "UIInterfaceOrientationPortrait UIInterfaceOrientationLandscapeLeft UIInterfaceOrientationLandscapeRight";
				LD_RUNPATH_SEARCH_PATHS = (
					"$(inherited)",
					"@executable_path/Frameworks",
				);
				MARKETING_VERSION = 1.0.0;
				PRODUCT_BUNDLE_IDENTIFIER = "com.oguzhan.Diverse-Social-Media";
				PRODUCT_NAME = "$(TARGET_NAME)";
				SWIFT_EMIT_LOC_STRINGS = YES;
				SWIFT_VERSION = 5.0;
				TARGETED_DEVICE_FAMILY = 1;
			};
			name = Debug;
		};
		5CC55962288C13590060EF7D /* Release */ = {
			isa = XCBuildConfiguration;
			baseConfigurationReference = BE4A8D3B5AC874B1F7F60088 /* Pods-Diverse-Social-Media.release.xcconfig */;
			buildSettings = {
				ASSETCATALOG_COMPILER_APPICON_NAME = AppIcon;
				ASSETCATALOG_COMPILER_GLOBAL_ACCENT_COLOR_NAME = AccentColor;
				CODE_SIGN_STYLE = Automatic;
				CURRENT_PROJECT_VERSION = 1;
				GENERATE_INFOPLIST_FILE = YES;
				INFOPLIST_FILE = "Diverse-Social-Media/Info.plist";
				INFOPLIST_KEY_UIApplicationSupportsIndirectInputEvents = YES;
				INFOPLIST_KEY_UILaunchStoryboardName = LaunchScreen;
				INFOPLIST_KEY_UIMainStoryboardFile = Main;
				INFOPLIST_KEY_UISupportedInterfaceOrientations = UIInterfaceOrientationPortrait;
				INFOPLIST_KEY_UISupportedInterfaceOrientations_iPad = "UIInterfaceOrientationPortrait UIInterfaceOrientationPortraitUpsideDown UIInterfaceOrientationLandscapeLeft UIInterfaceOrientationLandscapeRight";
				INFOPLIST_KEY_UISupportedInterfaceOrientations_iPhone = "UIInterfaceOrientationPortrait UIInterfaceOrientationLandscapeLeft UIInterfaceOrientationLandscapeRight";
				LD_RUNPATH_SEARCH_PATHS = (
					"$(inherited)",
					"@executable_path/Frameworks",
				);
				MARKETING_VERSION = 1.0.0;
				PRODUCT_BUNDLE_IDENTIFIER = "com.oguzhan.Diverse-Social-Media";
				PRODUCT_NAME = "$(TARGET_NAME)";
				SWIFT_EMIT_LOC_STRINGS = YES;
				SWIFT_VERSION = 5.0;
				TARGETED_DEVICE_FAMILY = 1;
			};
			name = Release;
		};
		5CC55964288C13590060EF7D /* Debug */ = {
			isa = XCBuildConfiguration;
			baseConfigurationReference = C2C94E4D8B15E4A347AF68EC /* Pods-Diverse-Social-MediaTests.debug.xcconfig */;
			buildSettings = {
				ALWAYS_EMBED_SWIFT_STANDARD_LIBRARIES = YES;
				BUNDLE_LOADER = "$(TEST_HOST)";
				CODE_SIGN_STYLE = Automatic;
				CURRENT_PROJECT_VERSION = 1;
				GENERATE_INFOPLIST_FILE = YES;
				IPHONEOS_DEPLOYMENT_TARGET = 15.5;
				MARKETING_VERSION = 1.0;
				PRODUCT_BUNDLE_IDENTIFIER = "com.oguzhan.Diverse-Social-MediaTests";
				PRODUCT_NAME = "$(TARGET_NAME)";
				SWIFT_EMIT_LOC_STRINGS = NO;
				SWIFT_VERSION = 5.0;
				TARGETED_DEVICE_FAMILY = "1,2";
				TEST_HOST = "$(BUILT_PRODUCTS_DIR)/Diverse-Social-Media.app/Diverse-Social-Media";
			};
			name = Debug;
		};
		5CC55965288C13590060EF7D /* Release */ = {
			isa = XCBuildConfiguration;
			baseConfigurationReference = 85EDBD4511071668912E1E6D /* Pods-Diverse-Social-MediaTests.release.xcconfig */;
			buildSettings = {
				ALWAYS_EMBED_SWIFT_STANDARD_LIBRARIES = YES;
				BUNDLE_LOADER = "$(TEST_HOST)";
				CODE_SIGN_STYLE = Automatic;
				CURRENT_PROJECT_VERSION = 1;
				GENERATE_INFOPLIST_FILE = YES;
				IPHONEOS_DEPLOYMENT_TARGET = 15.5;
				MARKETING_VERSION = 1.0;
				PRODUCT_BUNDLE_IDENTIFIER = "com.oguzhan.Diverse-Social-MediaTests";
				PRODUCT_NAME = "$(TARGET_NAME)";
				SWIFT_EMIT_LOC_STRINGS = NO;
				SWIFT_VERSION = 5.0;
				TARGETED_DEVICE_FAMILY = "1,2";
				TEST_HOST = "$(BUILT_PRODUCTS_DIR)/Diverse-Social-Media.app/Diverse-Social-Media";
			};
			name = Release;
		};
		5CC55967288C13590060EF7D /* Debug */ = {
			isa = XCBuildConfiguration;
			baseConfigurationReference = 1C326AD3718EB4131E493E2B /* Pods-Diverse-Social-Media-Diverse-Social-MediaUITests.debug.xcconfig */;
			buildSettings = {
				ALWAYS_EMBED_SWIFT_STANDARD_LIBRARIES = YES;
				CODE_SIGN_STYLE = Automatic;
				CURRENT_PROJECT_VERSION = 1;
				GENERATE_INFOPLIST_FILE = YES;
				MARKETING_VERSION = 1.0;
				PRODUCT_BUNDLE_IDENTIFIER = "com.oguzhan.Diverse-Social-MediaUITests";
				PRODUCT_NAME = "$(TARGET_NAME)";
				SWIFT_EMIT_LOC_STRINGS = NO;
				SWIFT_VERSION = 5.0;
				TARGETED_DEVICE_FAMILY = "1,2";
				TEST_TARGET_NAME = "Diverse-Social-Media";
			};
			name = Debug;
		};
		5CC55968288C13590060EF7D /* Release */ = {
			isa = XCBuildConfiguration;
			baseConfigurationReference = BAF909CE7EF4088555FCEAFB /* Pods-Diverse-Social-Media-Diverse-Social-MediaUITests.release.xcconfig */;
			buildSettings = {
				ALWAYS_EMBED_SWIFT_STANDARD_LIBRARIES = YES;
				CODE_SIGN_STYLE = Automatic;
				CURRENT_PROJECT_VERSION = 1;
				GENERATE_INFOPLIST_FILE = YES;
				MARKETING_VERSION = 1.0;
				PRODUCT_BUNDLE_IDENTIFIER = "com.oguzhan.Diverse-Social-MediaUITests";
				PRODUCT_NAME = "$(TARGET_NAME)";
				SWIFT_EMIT_LOC_STRINGS = NO;
				SWIFT_VERSION = 5.0;
				TARGETED_DEVICE_FAMILY = "1,2";
				TEST_TARGET_NAME = "Diverse-Social-Media";
			};
			name = Release;
		};
/* End XCBuildConfiguration section */

/* Begin XCConfigurationList section */
		5CC5592E288C13570060EF7D /* Build configuration list for PBXProject "Diverse-Social-Media" */ = {
			isa = XCConfigurationList;
			buildConfigurations = (
				5CC5595E288C13590060EF7D /* Debug */,
				5CC5595F288C13590060EF7D /* Release */,
			);
			defaultConfigurationIsVisible = 0;
			defaultConfigurationName = Release;
		};
		5CC55960288C13590060EF7D /* Build configuration list for PBXNativeTarget "Diverse-Social-Media" */ = {
			isa = XCConfigurationList;
			buildConfigurations = (
				5CC55961288C13590060EF7D /* Debug */,
				5CC55962288C13590060EF7D /* Release */,
			);
			defaultConfigurationIsVisible = 0;
			defaultConfigurationName = Release;
		};
		5CC55963288C13590060EF7D /* Build configuration list for PBXNativeTarget "Diverse-Social-MediaTests" */ = {
			isa = XCConfigurationList;
			buildConfigurations = (
				5CC55964288C13590060EF7D /* Debug */,
				5CC55965288C13590060EF7D /* Release */,
			);
			defaultConfigurationIsVisible = 0;
			defaultConfigurationName = Release;
		};
		5CC55966288C13590060EF7D /* Build configuration list for PBXNativeTarget "Diverse-Social-MediaUITests" */ = {
			isa = XCConfigurationList;
			buildConfigurations = (
				5CC55967288C13590060EF7D /* Debug */,
				5CC55968288C13590060EF7D /* Release */,
			);
			defaultConfigurationIsVisible = 0;
			defaultConfigurationName = Release;
		};
/* End XCConfigurationList section */

/* Begin XCVersionGroup section */
		5CC5593F288C13580060EF7D /* Diverse_Social_Media.xcdatamodeld */ = {
			isa = XCVersionGroup;
			children = (
				5CC55940288C13580060EF7D /* Diverse_Social_Media.xcdatamodel */,
			);
			currentVersion = 5CC55940288C13580060EF7D /* Diverse_Social_Media.xcdatamodel */;
			path = Diverse_Social_Media.xcdatamodeld;
			sourceTree = "<group>";
			versionGroupType = wrapper.xcdatamodel;
		};
/* End XCVersionGroup section */
	};
	rootObject = 5CC5592B288C13570060EF7D /* Project object */;
}
